
Microsoft Visual Studio Solution File, Format Version 12.00
# Visual Studio Version 16
VisualStudioVersion = 16.0.32002.261
MinimumVisualStudioVersion = 10.0.40219.1
Project("{FAE04EC0-301F-11D3-BF4B-00C04F79EFBC}") = "elogbookmobile.Android", "elogbookmobile.Android\elogbookmobile.Android.csproj", "{9D71691E-D540-445A-908B-DD54C3FAA425}"
EndProject
Project("{FAE04EC0-301F-11D3-BF4B-00C04F79EFBC}") = "elogbookmobile", "elogbookmobile\elogbookmobile.csproj", "{7DB7B91D-3228-4114-9C64-F3FDCD8BF0EE}"
EndProject
Global
	GlobalSection(SolutionConfigurationPlatforms) = preSolution
		Debug|Any CPU = Debug|Any CPU
		Release|Any CPU = Release|Any CPU
	EndGlobalSection
	GlobalSection(ProjectConfigurationPlatforms) = postSolution
		{9D71691E-D540-445A-908B-DD54C3FAA425}.Debug|Any CPU.ActiveCfg = Debug|Any CPU
		{9D71691E-D540-445A-908B-DD54C3FAA425}.Debug|Any CPU.Build.0 = Debug|Any CPU
		{9D71691E-D540-445A-908B-DD54C3FAA425}.Debug|Any CPU.Deploy.0 = Debug|Any CPU
		{9D71691E-D540-445A-908B-DD54C3FAA425}.Release|Any CPU.ActiveCfg = Release|Any CPU
		{9D71691E-D540-445A-908B-DD54C3FAA425}.Release|Any CPU.Build.0 = Release|Any CPU
		{9D71691E-D540-445A-908B-DD54C3FAA425}.Release|Any CPU.Deploy.0 = Release|Any CPU
		{7DB7B91D-3228-4114-9C64-F3FDCD8BF0EE}.Debug|Any CPU.ActiveCfg = Debug|Any CPU
		{7DB7B91D-3228-4114-9C64-F3FDCD8BF0EE}.Debug|Any CPU.Build.0 = Debug|Any CPU
		{7DB7B91D-3228-4114-9C64-F3FDCD8BF0EE}.Release|Any CPU.ActiveCfg = Release|Any CPU
		{7DB7B91D-3228-4114-9C64-F3FDCD8BF0EE}.Release|Any CPU.Build.0 = Release|Any CPU
	EndGlobalSection
	GlobalSection(SolutionProperties) = preSolution
		HideSolutionNode = FALSE
	EndGlobalSection
	GlobalSection(ExtensibilityGlobals) = postSolution
		SolutionGuid = {9D2DB8CC-2345-4144-8409-E72A0DE1CB11}
	EndGlobalSection
EndGlobal
